
Microsoft Visual Studio Solution File, Format Version 12.00
# Visual Studio Version 16
VisualStudioVersion = 16.0.32228.343
MinimumVisualStudioVersion = 10.0.40219.1
Project("{FAE04EC0-301F-11D3-BF4B-00C04F79EFBC}") = "NShop", "NShop\NShop.csproj", "{6353FD31-B552-4B00-AF9A-A22CFC9E1D81}"
EndProject
Global
	GlobalSection(SolutionConfigurationPlatforms) = preSolution
		Debug|Any CPU = Debug|Any CPU
		Release|Any CPU = Release|Any CPU
	EndGlobalSection
	GlobalSection(ProjectConfigurationPlatforms) = postSolution
		{6353FD31-B552-4B00-AF9A-A22CFC9E1D81}.Debug|Any CPU.ActiveCfg = Debug|Any CPU
		{6353FD31-B552-4B00-AF9A-A22CFC9E1D81}.Debug|Any CPU.Build.0 = Debug|Any CPU
		{6353FD31-B552-4B00-AF9A-A22CFC9E1D81}.Release|Any CPU.ActiveCfg = Release|Any CPU
		{6353FD31-B552-4B00-AF9A-A22CFC9E1D81}.Release|Any CPU.Build.0 = Release|Any CPU
	EndGlobalSection
	GlobalSection(SolutionProperties) = preSolution
		HideSolutionNode = FALSE
	EndGlobalSection
	GlobalSection(ExtensibilityGlobals) = postSolution
		SolutionGuid = {85642B11-45C7-47D9-A41B-7387DC7CF1D3}
	EndGlobalSection
EndGlobal
